Microsoft Visual Studio Solution File, Format Version 12.00
# Blend for Visual Studio Version 16
VisualStudioVersion = 16.0.31729.503
MinimumVisualStudioVersion = 10.0.40219.1
Project("{FAE04EC0-301F-11D3-BF4B-00C04F79EFBC}") = "NoesisTest-blend", "NoesisTest-blend.csproj", "{75F222CC-54AD-452C-AAD6-D55B692D8BFE}"
EndProject
Global
	GlobalSection(SolutionConfigurationPlatforms) = preSolution
		Debug|Any CPU = Debug|Any CPU
		Release|Any CPU = Release|Any CPU
	EndGlobalSection
	GlobalSection(ProjectConfigurationPlatforms) = postSolution
		{75F222CC-54AD-452C-AAD6-D55B692D8BFE}.Debug|Any CPU.ActiveCfg = Debug|Any CPU
		{75F222CC-54AD-452C-AAD6-D55B692D8BFE}.Debug|Any CPU.Build.0 = Debug|Any CPU
		{75F222CC-54AD-452C-AAD6-D55B692D8BFE}.Release|Any CPU.ActiveCfg = Release|Any CPU
		{75F222CC-54AD-452C-AAD6-D55B692D8BFE}.Release|Any CPU.Build.0 = Release|Any CPU
	EndGlobalSection
	GlobalSection(SolutionProperties) = preSolution
		HideSolutionNode = FALSE
	EndGlobalSection
	GlobalSection(ExtensibilityGlobals) = postSolution
		SolutionGuid = {5CDADC75-FBE2-4B0E-BB19-9F15857B75BA}
	EndGlobalSection
EndGlobal
